
Microsoft Visual Studio Solution File, Format Version 12.00
# Visual Studio Version 17
VisualStudioVersion = 17.8.34316.72
MinimumVisualStudioVersion = 10.0.40219.1
Project("{FAE04EC0-301F-11D3-BF4B-00C04F79EFBC}") = "Two_Mansion", "Two_Mansion\Two_Mansion.csproj", "{8B296C87-6277-4457-97D7-9539379C2AF3}"
EndProject
Global
	GlobalSection(SolutionConfigurationPlatforms) = preSolution
		Debug|Any CPU = Debug|Any CPU
		Release|Any CPU = Release|Any CPU
	EndGlobalSection
	GlobalSection(ProjectConfigurationPlatforms) = postSolution
		{8B296C87-6277-4457-97D7-9539379C2AF3}.Debug|Any CPU.ActiveCfg = Debug|Any CPU
		{8B296C87-6277-4457-97D7-9539379C2AF3}.Debug|Any CPU.Build.0 = Debug|Any CPU
		{8B296C87-6277-4457-97D7-9539379C2AF3}.Release|Any CPU.ActiveCfg = Release|Any CPU
		{8B296C87-6277-4457-97D7-9539379C2AF3}.Release|Any CPU.Build.0 = Release|Any CPU
	EndGlobalSection
	GlobalSection(SolutionProperties) = preSolution
		HideSolutionNode = FALSE
	EndGlobalSection
	GlobalSection(ExtensibilityGlobals) = postSolution
		SolutionGuid = {EFB06FF8-AEB4-47AA-B280-DABB41287E3B}
	EndGlobalSection
EndGlobal
